
Microsoft Visual Studio Solution File, Format Version 12.00
# Visual Studio Version 16
VisualStudioVersion = 16.0.29926.136
MinimumVisualStudioVersion = 10.0.40219.1
Project("{FAE04EC0-301F-11D3-BF4B-00C04F79EFBC}") = "NexcoWeb", "NexcoWeb\NexcoWeb.csproj", "{45D85A41-DB8C-4C4C-8557-5588CC3B3506}"
EndProject
Project("{FAE04EC0-301F-11D3-BF4B-00C04F79EFBC}") = "NexcoWeb.Domain", "NexcoWeb.Domain\NexcoWeb.Domain.csproj", "{60849385-CED7-484B-BCC0-A231FC3D0570}"
EndProject
Project("{FAE04EC0-301F-11D3-BF4B-00C04F79EFBC}") = "NexcoWeb.WebUI", "NexcoWeb.WebUI\NexcoWeb.WebUI.csproj", "{5C93F7B0-AE12-428F-89FE-B517BB10F5F7}"
EndProject
Project("{FAE04EC0-301F-11D3-BF4B-00C04F79EFBC}") = "NexcoDataManager", "NexcoDataManager\NexcoDataManager.csproj", "{48E84BBD-ABB0-4BA3-B672-7475B8116F8D}"
EndProject
Global
	GlobalSection(SolutionConfigurationPlatforms) = preSolution
		Debug|Any CPU = Debug|Any CPU
		Release|Any CPU = Release|Any CPU
	EndGlobalSection
	GlobalSection(ProjectConfigurationPlatforms) = postSolution
		{45D85A41-DB8C-4C4C-8557-5588CC3B3506}.Debug|Any CPU.ActiveCfg = Debug|Any CPU
		{45D85A41-DB8C-4C4C-8557-5588CC3B3506}.Debug|Any CPU.Build.0 = Debug|Any CPU
		{45D85A41-DB8C-4C4C-8557-5588CC3B3506}.Release|Any CPU.ActiveCfg = Release|Any CPU
		{45D85A41-DB8C-4C4C-8557-5588CC3B3506}.Release|Any CPU.Build.0 = Release|Any CPU
		{60849385-CED7-484B-BCC0-A231FC3D0570}.Debug|Any CPU.ActiveCfg = Debug|Any CPU
		{60849385-CED7-484B-BCC0-A231FC3D0570}.Debug|Any CPU.Build.0 = Debug|Any CPU
		{60849385-CED7-484B-BCC0-A231FC3D0570}.Release|Any CPU.ActiveCfg = Release|Any CPU
		{60849385-CED7-484B-BCC0-A231FC3D0570}.Release|Any CPU.Build.0 = Release|Any CPU
		{5C93F7B0-AE12-428F-89FE-B517BB10F5F7}.Debug|Any CPU.ActiveCfg = Debug|Any CPU
		{5C93F7B0-AE12-428F-89FE-B517BB10F5F7}.Debug|Any CPU.Build.0 = Debug|Any CPU
		{5C93F7B0-AE12-428F-89FE-B517BB10F5F7}.Release|Any CPU.ActiveCfg = Release|Any CPU
		{5C93F7B0-AE12-428F-89FE-B517BB10F5F7}.Release|Any CPU.Build.0 = Release|Any CPU
		{48E84BBD-ABB0-4BA3-B672-7475B8116F8D}.Debug|Any CPU.ActiveCfg = Debug|Any CPU
		{48E84BBD-ABB0-4BA3-B672-7475B8116F8D}.Debug|Any CPU.Build.0 = Debug|Any CPU
		{48E84BBD-ABB0-4BA3-B672-7475B8116F8D}.Release|Any CPU.ActiveCfg = Release|Any CPU
		{48E84BBD-ABB0-4BA3-B672-7475B8116F8D}.Release|Any CPU.Build.0 = Release|Any CPU
	EndGlobalSection
	GlobalSection(SolutionProperties) = preSolution
		HideSolutionNode = FALSE
	EndGlobalSection
	GlobalSection(ExtensibilityGlobals) = postSolution
		SolutionGuid = {3B1F49E7-8456-4EC4-B4CF-8CC0DFBCAC10}
	EndGlobalSection
EndGlobal
